
Microsoft Visual Studio Solution File, Format Version 12.00
# Visual Studio Version 16
VisualStudioVersion = 16.0.31515.178
MinimumVisualStudioVersion = 10.0.40219.1
Project("{FAE04EC0-301F-11D3-BF4B-00C04F79EFBC}") = "StockMarket", "StockMarket\StockMarket.csproj", "{F364AFD5-2328-467A-AAD5-9EA261CDD224}"
EndProject
Global
	GlobalSection(SolutionConfigurationPlatforms) = preSolution
		Debug|Any CPU = Debug|Any CPU
		Release|Any CPU = Release|Any CPU
	EndGlobalSection
	GlobalSection(ProjectConfigurationPlatforms) = postSolution
		{F364AFD5-2328-467A-AAD5-9EA261CDD224}.Debug|Any CPU.ActiveCfg = Debug|Any CPU
		{F364AFD5-2328-467A-AAD5-9EA261CDD224}.Debug|Any CPU.Build.0 = Debug|Any CPU
		{F364AFD5-2328-467A-AAD5-9EA261CDD224}.Release|Any CPU.ActiveCfg = Release|Any CPU
		{F364AFD5-2328-467A-AAD5-9EA261CDD224}.Release|Any CPU.Build.0 = Release|Any CPU
	EndGlobalSection
	GlobalSection(SolutionProperties) = preSolution
		HideSolutionNode = FALSE
	EndGlobalSection
	GlobalSection(ExtensibilityGlobals) = postSolution
		SolutionGuid = {33B02020-87BF-456C-8454-E95E46A82C47}
	EndGlobalSection
EndGlobal
