
Microsoft Visual Studio Solution File, Format Version 12.00
# Visual Studio Version 16
VisualStudioVersion = 16.0.31424.327
MinimumVisualStudioVersion = 10.0.40219.1
Project("{FAE04EC0-301F-11D3-BF4B-00C04F79EFBC}") = "CarManufacturer", "Car\CarManufacturer.csproj", "{AB988445-AF1E-42D5-B3CB-7417657FC2F9}"
EndProject
Global
	GlobalSection(SolutionConfigurationPlatforms) = preSolution
		Debug|Any CPU = Debug|Any CPU
		Release|Any CPU = Release|Any CPU
	EndGlobalSection
	GlobalSection(ProjectConfigurationPlatforms) = postSolution
		{AB988445-AF1E-42D5-B3CB-7417657FC2F9}.Debug|Any CPU.ActiveCfg = Debug|Any CPU
		{AB988445-AF1E-42D5-B3CB-7417657FC2F9}.Debug|Any CPU.Build.0 = Debug|Any CPU
		{AB988445-AF1E-42D5-B3CB-7417657FC2F9}.Release|Any CPU.ActiveCfg = Release|Any CPU
		{AB988445-AF1E-42D5-B3CB-7417657FC2F9}.Release|Any CPU.Build.0 = Release|Any CPU
	EndGlobalSection
	GlobalSection(SolutionProperties) = preSolution
		HideSolutionNode = FALSE
	EndGlobalSection
	GlobalSection(ExtensibilityGlobals) = postSolution
		SolutionGuid = {D24672D1-214B-4925-9848-5C4A51B3A270}
	EndGlobalSection
EndGlobal
