
Microsoft Visual Studio Solution File, Format Version 12.00
# Visual Studio Version 16
VisualStudioVersion = 16.0.30711.63
MinimumVisualStudioVersion = 10.0.40219.1
Project("{9A19103F-16F7-4668-BE54-9A1E7A4F7556}") = "TheRace", "TheRace.csproj", "{DE5E64AA-0D58-429F-8E8D-A5CD95917CE8}"
EndProject
Global
	GlobalSection(SolutionConfigurationPlatforms) = preSolution
		Debug|Any CPU = Debug|Any CPU
		Release|Any CPU = Release|Any CPU
	EndGlobalSection
	GlobalSection(ProjectConfigurationPlatforms) = postSolution
		{DE5E64AA-0D58-429F-8E8D-A5CD95917CE8}.Debug|Any CPU.ActiveCfg = Debug|Any CPU
		{DE5E64AA-0D58-429F-8E8D-A5CD95917CE8}.Debug|Any CPU.Build.0 = Debug|Any CPU
		{DE5E64AA-0D58-429F-8E8D-A5CD95917CE8}.Release|Any CPU.ActiveCfg = Release|Any CPU
		{DE5E64AA-0D58-429F-8E8D-A5CD95917CE8}.Release|Any CPU.Build.0 = Release|Any CPU
	EndGlobalSection
	GlobalSection(SolutionProperties) = preSolution
		HideSolutionNode = FALSE
	EndGlobalSection
	GlobalSection(ExtensibilityGlobals) = postSolution
		SolutionGuid = {A734C08D-2A5F-4C23-8249-23E39558A701}
	EndGlobalSection
EndGlobal
