
Microsoft Visual Studio Solution File, Format Version 12.00
# Visual Studio Version 16
VisualStudioVersion = 16.0.31424.327
MinimumVisualStudioVersion = 10.0.40219.1
Project("{FAE04EC0-301F-11D3-BF4B-00C04F79EFBC}") = "SortEvenNumbers", "SortEvenNumbers\SortEvenNumbers.csproj", "{5BA0F146-C513-4DB9-B5C4-349EBC6FBA57}"
EndProject
Project("{FAE04EC0-301F-11D3-BF4B-00C04F79EFBC}") = "SumNumbers", "SumNumbers\SumNumbers.csproj", "{8496DDB5-75C0-4C92-8B64-86F879663B5A}"
EndProject
Project("{FAE04EC0-301F-11D3-BF4B-00C04F79EFBC}") = "CountUppercaseWords", "CountUppercaseWords\CountUppercaseWords.csproj", "{41E42D51-554B-472B-91B3-7F70A4D9EA20}"
EndProject
Project("{FAE04EC0-301F-11D3-BF4B-00C04F79EFBC}") = "AddVAT", "AddVAT\AddVAT.csproj", "{7F3BAF30-D5DA-4C4A-B1C4-7CD0BD381ED0}"
EndProject
Project("{FAE04EC0-301F-11D3-BF4B-00C04F79EFBC}") = "FilterByAge", "FilterByAge\FilterByAge.csproj", "{A37E44A3-F859-4C1F-B0E7-CD02EAA1E5A0}"
EndProject
Global
	GlobalSection(SolutionConfigurationPlatforms) = preSolution
		Debug|Any CPU = Debug|Any CPU
		Release|Any CPU = Release|Any CPU
	EndGlobalSection
	GlobalSection(ProjectConfigurationPlatforms) = postSolution
		{5BA0F146-C513-4DB9-B5C4-349EBC6FBA57}.Debug|Any CPU.ActiveCfg = Debug|Any CPU
		{5BA0F146-C513-4DB9-B5C4-349EBC6FBA57}.Debug|Any CPU.Build.0 = Debug|Any CPU
		{5BA0F146-C513-4DB9-B5C4-349EBC6FBA57}.Release|Any CPU.ActiveCfg = Release|Any CPU
		{5BA0F146-C513-4DB9-B5C4-349EBC6FBA57}.Release|Any CPU.Build.0 = Release|Any CPU
		{8496DDB5-75C0-4C92-8B64-86F879663B5A}.Debug|Any CPU.ActiveCfg = Debug|Any CPU
		{8496DDB5-75C0-4C92-8B64-86F879663B5A}.Debug|Any CPU.Build.0 = Debug|Any CPU
		{8496DDB5-75C0-4C92-8B64-86F879663B5A}.Release|Any CPU.ActiveCfg = Release|Any CPU
		{8496DDB5-75C0-4C92-8B64-86F879663B5A}.Release|Any CPU.Build.0 = Release|Any CPU
		{41E42D51-554B-472B-91B3-7F70A4D9EA20}.Debug|Any CPU.ActiveCfg = Debug|Any CPU
		{41E42D51-554B-472B-91B3-7F70A4D9EA20}.Debug|Any CPU.Build.0 = Debug|Any CPU
		{41E42D51-554B-472B-91B3-7F70A4D9EA20}.Release|Any CPU.ActiveCfg = Release|Any CPU
		{41E42D51-554B-472B-91B3-7F70A4D9EA20}.Release|Any CPU.Build.0 = Release|Any CPU
		{7F3BAF30-D5DA-4C4A-B1C4-7CD0BD381ED0}.Debug|Any CPU.ActiveCfg = Debug|Any CPU
		{7F3BAF30-D5DA-4C4A-B1C4-7CD0BD381ED0}.Debug|Any CPU.Build.0 = Debug|Any CPU
		{7F3BAF30-D5DA-4C4A-B1C4-7CD0BD381ED0}.Release|Any CPU.ActiveCfg = Release|Any CPU
		{7F3BAF30-D5DA-4C4A-B1C4-7CD0BD381ED0}.Release|Any CPU.Build.0 = Release|Any CPU
		{A37E44A3-F859-4C1F-B0E7-CD02EAA1E5A0}.Debug|Any CPU.ActiveCfg = Debug|Any CPU
		{A37E44A3-F859-4C1F-B0E7-CD02EAA1E5A0}.Debug|Any CPU.Build.0 = Debug|Any CPU
		{A37E44A3-F859-4C1F-B0E7-CD02EAA1E5A0}.Release|Any CPU.ActiveCfg = Release|Any CPU
		{A37E44A3-F859-4C1F-B0E7-CD02EAA1E5A0}.Release|Any CPU.Build.0 = Release|Any CPU
	EndGlobalSection
	GlobalSection(SolutionProperties) = preSolution
		HideSolutionNode = FALSE
	EndGlobalSection
	GlobalSection(ExtensibilityGlobals) = postSolution
		SolutionGuid = {A3EE9042-845E-411D-8718-7989B9CE688D}
	EndGlobalSection
EndGlobal
