
Microsoft Visual Studio Solution File, Format Version 12.00
# Visual Studio Version 16
VisualStudioVersion = 16.0.31424.327
MinimumVisualStudioVersion = 10.0.40219.1
Project("{9A19103F-16F7-4668-BE54-9A1E7A4F7556}") = "BasicStackOperations", "BasicStackOperations\BasicStackOperations.csproj", "{C160C320-F3E5-46AD-B8AC-E6671B0CC538}"
EndProject
Project("{9A19103F-16F7-4668-BE54-9A1E7A4F7556}") = "BasicQueueOperations", "BasicQueueOperations\BasicQueueOperations.csproj", "{683A35BD-F47D-4D35-9581-C00B732EEAD4}"
EndProject
Project("{9A19103F-16F7-4668-BE54-9A1E7A4F7556}") = "MaximumAndMinimumElement", "MaximumAndMinimumElement\MaximumAndMinimumElement.csproj", "{EC70A556-6A73-4DC3-9211-4E84FA46AA61}"
EndProject
Project("{9A19103F-16F7-4668-BE54-9A1E7A4F7556}") = "FastFood", "FastFood\FastFood.csproj", "{0CD6813B-746F-467C-B2D4-5E124E96B6B1}"
EndProject
Project("{9A19103F-16F7-4668-BE54-9A1E7A4F7556}") = "FashionBoutique", "FashionBoutique\FashionBoutique.csproj", "{D221FF66-CB35-4A2C-9D31-5489B3CB3F47}"
EndProject
Project("{9A19103F-16F7-4668-BE54-9A1E7A4F7556}") = "SongsQueue", "SongsQueue\SongsQueue.csproj", "{64DDF6E3-ED9F-48FA-BC5B-B959540D57A8}"
EndProject
Project("{9A19103F-16F7-4668-BE54-9A1E7A4F7556}") = "TruckTour", "TruckTour\TruckTour.csproj", "{6FB512F8-19C6-4A56-A568-AEEB683EE0CC}"
EndProject
Project("{9A19103F-16F7-4668-BE54-9A1E7A4F7556}") = "BalancedParentheses", "BalancedParenthesis\BalancedParentheses.csproj", "{A799DAED-8C05-4C33-BE78-1BBF9F975ACE}"
EndProject
Project("{9A19103F-16F7-4668-BE54-9A1E7A4F7556}") = "SimpleTextEditor", "SimpleTextEditor\SimpleTextEditor.csproj", "{8AF95933-744F-4FCD-9FCE-D837E38DFEB9}"
EndProject
Project("{9A19103F-16F7-4668-BE54-9A1E7A4F7556}") = "Crossroads", "Crossroads\Crossroads.csproj", "{77CEAC99-D290-4185-BD0B-5EBC51F098E1}"
EndProject
Project("{9A19103F-16F7-4668-BE54-9A1E7A4F7556}") = "KeyRevolver", "KeyRevolver\KeyRevolver.csproj", "{FF4E588A-74CC-4B3C-875B-57CB6E32DB4B}"
EndProject
Project("{FAE04EC0-301F-11D3-BF4B-00C04F79EFBC}") = "CupsAndBottles", "CupsAndBottles\CupsAndBottles.csproj", "{0912792A-D729-4258-869A-169FEEBD2BC9}"
EndProject
Global
	GlobalSection(SolutionConfigurationPlatforms) = preSolution
		Debug|Any CPU = Debug|Any CPU
		Release|Any CPU = Release|Any CPU
	EndGlobalSection
	GlobalSection(ProjectConfigurationPlatforms) = postSolution
		{C160C320-F3E5-46AD-B8AC-E6671B0CC538}.Debug|Any CPU.ActiveCfg = Debug|Any CPU
		{C160C320-F3E5-46AD-B8AC-E6671B0CC538}.Debug|Any CPU.Build.0 = Debug|Any CPU
		{C160C320-F3E5-46AD-B8AC-E6671B0CC538}.Release|Any CPU.ActiveCfg = Release|Any CPU
		{C160C320-F3E5-46AD-B8AC-E6671B0CC538}.Release|Any CPU.Build.0 = Release|Any CPU
		{683A35BD-F47D-4D35-9581-C00B732EEAD4}.Debug|Any CPU.ActiveCfg = Debug|Any CPU
		{683A35BD-F47D-4D35-9581-C00B732EEAD4}.Debug|Any CPU.Build.0 = Debug|Any CPU
		{683A35BD-F47D-4D35-9581-C00B732EEAD4}.Release|Any CPU.ActiveCfg = Release|Any CPU
		{683A35BD-F47D-4D35-9581-C00B732EEAD4}.Release|Any CPU.Build.0 = Release|Any CPU
		{EC70A556-6A73-4DC3-9211-4E84FA46AA61}.Debug|Any CPU.ActiveCfg = Debug|Any CPU
		{EC70A556-6A73-4DC3-9211-4E84FA46AA61}.Debug|Any CPU.Build.0 = Debug|Any CPU
		{EC70A556-6A73-4DC3-9211-4E84FA46AA61}.Release|Any CPU.ActiveCfg = Release|Any CPU
		{EC70A556-6A73-4DC3-9211-4E84FA46AA61}.Release|Any CPU.Build.0 = Release|Any CPU
		{0CD6813B-746F-467C-B2D4-5E124E96B6B1}.Debug|Any CPU.ActiveCfg = Debug|Any CPU
		{0CD6813B-746F-467C-B2D4-5E124E96B6B1}.Debug|Any CPU.Build.0 = Debug|Any CPU
		{0CD6813B-746F-467C-B2D4-5E124E96B6B1}.Release|Any CPU.ActiveCfg = Release|Any CPU
		{0CD6813B-746F-467C-B2D4-5E124E96B6B1}.Release|Any CPU.Build.0 = Release|Any CPU
		{D221FF66-CB35-4A2C-9D31-5489B3CB3F47}.Debug|Any CPU.ActiveCfg = Debug|Any CPU
		{D221FF66-CB35-4A2C-9D31-5489B3CB3F47}.Debug|Any CPU.Build.0 = Debug|Any CPU
		{D221FF66-CB35-4A2C-9D31-5489B3CB3F47}.Release|Any CPU.ActiveCfg = Release|Any CPU
		{D221FF66-CB35-4A2C-9D31-5489B3CB3F47}.Release|Any CPU.Build.0 = Release|Any CPU
		{64DDF6E3-ED9F-48FA-BC5B-B959540D57A8}.Debug|Any CPU.ActiveCfg = Debug|Any CPU
		{64DDF6E3-ED9F-48FA-BC5B-B959540D57A8}.Debug|Any CPU.Build.0 = Debug|Any CPU
		{64DDF6E3-ED9F-48FA-BC5B-B959540D57A8}.Release|Any CPU.ActiveCfg = Release|Any CPU
		{64DDF6E3-ED9F-48FA-BC5B-B959540D57A8}.Release|Any CPU.Build.0 = Release|Any CPU
		{6FB512F8-19C6-4A56-A568-AEEB683EE0CC}.Debug|Any CPU.ActiveCfg = Debug|Any CPU
		{6FB512F8-19C6-4A56-A568-AEEB683EE0CC}.Debug|Any CPU.Build.0 = Debug|Any CPU
		{6FB512F8-19C6-4A56-A568-AEEB683EE0CC}.Release|Any CPU.ActiveCfg = Release|Any CPU
		{6FB512F8-19C6-4A56-A568-AEEB683EE0CC}.Release|Any CPU.Build.0 = Release|Any CPU
		{A799DAED-8C05-4C33-BE78-1BBF9F975ACE}.Debug|Any CPU.ActiveCfg = Debug|Any CPU
		{A799DAED-8C05-4C33-BE78-1BBF9F975ACE}.Debug|Any CPU.Build.0 = Debug|Any CPU
		{A799DAED-8C05-4C33-BE78-1BBF9F975ACE}.Release|Any CPU.ActiveCfg = Release|Any CPU
		{A799DAED-8C05-4C33-BE78-1BBF9F975ACE}.Release|Any CPU.Build.0 = Release|Any CPU
		{8AF95933-744F-4FCD-9FCE-D837E38DFEB9}.Debug|Any CPU.ActiveCfg = Debug|Any CPU
		{8AF95933-744F-4FCD-9FCE-D837E38DFEB9}.Debug|Any CPU.Build.0 = Debug|Any CPU
		{8AF95933-744F-4FCD-9FCE-D837E38DFEB9}.Release|Any CPU.ActiveCfg = Release|Any CPU
		{8AF95933-744F-4FCD-9FCE-D837E38DFEB9}.Release|Any CPU.Build.0 = Release|Any CPU
		{77CEAC99-D290-4185-BD0B-5EBC51F098E1}.Debug|Any CPU.ActiveCfg = Debug|Any CPU
		{77CEAC99-D290-4185-BD0B-5EBC51F098E1}.Debug|Any CPU.Build.0 = Debug|Any CPU
		{77CEAC99-D290-4185-BD0B-5EBC51F098E1}.Release|Any CPU.ActiveCfg = Release|Any CPU
		{77CEAC99-D290-4185-BD0B-5EBC51F098E1}.Release|Any CPU.Build.0 = Release|Any CPU
		{FF4E588A-74CC-4B3C-875B-57CB6E32DB4B}.Debug|Any CPU.ActiveCfg = Debug|Any CPU
		{FF4E588A-74CC-4B3C-875B-57CB6E32DB4B}.Debug|Any CPU.Build.0 = Debug|Any CPU
		{FF4E588A-74CC-4B3C-875B-57CB6E32DB4B}.Release|Any CPU.ActiveCfg = Release|Any CPU
		{FF4E588A-74CC-4B3C-875B-57CB6E32DB4B}.Release|Any CPU.Build.0 = Release|Any CPU
		{0912792A-D729-4258-869A-169FEEBD2BC9}.Debug|Any CPU.ActiveCfg = Debug|Any CPU
		{0912792A-D729-4258-869A-169FEEBD2BC9}.Debug|Any CPU.Build.0 = Debug|Any CPU
		{0912792A-D729-4258-869A-169FEEBD2BC9}.Release|Any CPU.ActiveCfg = Release|Any CPU
		{0912792A-D729-4258-869A-169FEEBD2BC9}.Release|Any CPU.Build.0 = Release|Any CPU
	EndGlobalSection
	GlobalSection(SolutionProperties) = preSolution
		HideSolutionNode = FALSE
	EndGlobalSection
	GlobalSection(ExtensibilityGlobals) = postSolution
		SolutionGuid = {766383F6-8B3C-4FDF-9AE8-FD97D5966D67}
	EndGlobalSection
EndGlobal
