
Microsoft Visual Studio Solution File, Format Version 12.00
# Visual Studio Version 16
VisualStudioVersion = 16.0.31424.327
MinimumVisualStudioVersion = 10.0.40219.1
Project("{FAE04EC0-301F-11D3-BF4B-00C04F79EFBC}") = "BoxOfT", "BoxOfT\BoxOfT.csproj", "{7EBB0B81-EA9B-473B-91A4-A83E7D08C33D}"
EndProject
Project("{FAE04EC0-301F-11D3-BF4B-00C04F79EFBC}") = "GenericArrayCreator", "ArrayCreator\GenericArrayCreator.csproj", "{96E352DD-1F18-48E5-9570-177878716F41}"
EndProject
Project("{FAE04EC0-301F-11D3-BF4B-00C04F79EFBC}") = "GenericScale", "GenericScale\GenericScale.csproj", "{6C122143-E014-4AF9-B86A-D1E5EE276D64}"
EndProject
Global
	GlobalSection(SolutionConfigurationPlatforms) = preSolution
		Debug|Any CPU = Debug|Any CPU
		Release|Any CPU = Release|Any CPU
	EndGlobalSection
	GlobalSection(ProjectConfigurationPlatforms) = postSolution
		{7EBB0B81-EA9B-473B-91A4-A83E7D08C33D}.Debug|Any CPU.ActiveCfg = Debug|Any CPU
		{7EBB0B81-EA9B-473B-91A4-A83E7D08C33D}.Debug|Any CPU.Build.0 = Debug|Any CPU
		{7EBB0B81-EA9B-473B-91A4-A83E7D08C33D}.Release|Any CPU.ActiveCfg = Release|Any CPU
		{7EBB0B81-EA9B-473B-91A4-A83E7D08C33D}.Release|Any CPU.Build.0 = Release|Any CPU
		{96E352DD-1F18-48E5-9570-177878716F41}.Debug|Any CPU.ActiveCfg = Debug|Any CPU
		{96E352DD-1F18-48E5-9570-177878716F41}.Debug|Any CPU.Build.0 = Debug|Any CPU
		{96E352DD-1F18-48E5-9570-177878716F41}.Release|Any CPU.ActiveCfg = Release|Any CPU
		{96E352DD-1F18-48E5-9570-177878716F41}.Release|Any CPU.Build.0 = Release|Any CPU
		{6C122143-E014-4AF9-B86A-D1E5EE276D64}.Debug|Any CPU.ActiveCfg = Debug|Any CPU
		{6C122143-E014-4AF9-B86A-D1E5EE276D64}.Debug|Any CPU.Build.0 = Debug|Any CPU
		{6C122143-E014-4AF9-B86A-D1E5EE276D64}.Release|Any CPU.ActiveCfg = Release|Any CPU
		{6C122143-E014-4AF9-B86A-D1E5EE276D64}.Release|Any CPU.Build.0 = Release|Any CPU
	EndGlobalSection
	GlobalSection(SolutionProperties) = preSolution
		HideSolutionNode = FALSE
	EndGlobalSection
	GlobalSection(ExtensibilityGlobals) = postSolution
		SolutionGuid = {394DD981-19BA-4192-A48E-2B16105DAD68}
	EndGlobalSection
EndGlobal
