
Microsoft Visual Studio Solution File, Format Version 12.00
# Visual Studio Version 16
VisualStudioVersion = 16.0.31424.327
MinimumVisualStudioVersion = 10.0.40219.1
Project("{FAE04EC0-301F-11D3-BF4B-00C04F79EFBC}") = "EvenLines", "EvenLines\EvenLines.csproj", "{63ED1B29-9955-4140-B644-6727A28138A1}"
EndProject
Global
	GlobalSection(SolutionConfigurationPlatforms) = preSolution
		Debug|Any CPU = Debug|Any CPU
		Release|Any CPU = Release|Any CPU
	EndGlobalSection
	GlobalSection(ProjectConfigurationPlatforms) = postSolution
		{63ED1B29-9955-4140-B644-6727A28138A1}.Debug|Any CPU.ActiveCfg = Debug|Any CPU
		{63ED1B29-9955-4140-B644-6727A28138A1}.Debug|Any CPU.Build.0 = Debug|Any CPU
		{63ED1B29-9955-4140-B644-6727A28138A1}.Release|Any CPU.ActiveCfg = Release|Any CPU
		{63ED1B29-9955-4140-B644-6727A28138A1}.Release|Any CPU.Build.0 = Release|Any CPU
	EndGlobalSection
	GlobalSection(SolutionProperties) = preSolution
		HideSolutionNode = FALSE
	EndGlobalSection
	GlobalSection(ExtensibilityGlobals) = postSolution
		SolutionGuid = {A4717655-BCC0-4E9C-BAD8-B27C9F6F2F1E}
	EndGlobalSection
EndGlobal
