
Microsoft Visual Studio Solution File, Format Version 12.00
# Visual Studio Version 16
VisualStudioVersion = 16.0.31019.35
MinimumVisualStudioVersion = 10.0.40219.1
Project("{9A19103F-16F7-4668-BE54-9A1E7A4F7556}") = "StreetRacing", "StreetRacing\StreetRacing.csproj", "{2168E0A3-3223-4519-BDCE-AC66D9FE3A92}"
EndProject
Global
	GlobalSection(SolutionConfigurationPlatforms) = preSolution
		Debug|Any CPU = Debug|Any CPU
		Release|Any CPU = Release|Any CPU
	EndGlobalSection
	GlobalSection(ProjectConfigurationPlatforms) = postSolution
		{2168E0A3-3223-4519-BDCE-AC66D9FE3A92}.Debug|Any CPU.ActiveCfg = Debug|Any CPU
		{2168E0A3-3223-4519-BDCE-AC66D9FE3A92}.Debug|Any CPU.Build.0 = Debug|Any CPU
		{2168E0A3-3223-4519-BDCE-AC66D9FE3A92}.Release|Any CPU.ActiveCfg = Release|Any CPU
		{2168E0A3-3223-4519-BDCE-AC66D9FE3A92}.Release|Any CPU.Build.0 = Release|Any CPU
	EndGlobalSection
	GlobalSection(SolutionProperties) = preSolution
		HideSolutionNode = FALSE
	EndGlobalSection
	GlobalSection(ExtensibilityGlobals) = postSolution
		SolutionGuid = {273F05C8-9987-4948-AA98-77C437D9538D}
	EndGlobalSection
EndGlobal
