
Microsoft Visual Studio Solution File, Format Version 12.00
# Visual Studio Version 16
VisualStudioVersion = 16.0.31729.503
MinimumVisualStudioVersion = 10.0.40219.1
Project("{FAE04EC0-301F-11D3-BF4B-00C04F79EFBC}") = "TheFightForGondor", "TheFightForGondor\TheFightForGondor.csproj", "{17C353BC-21B8-4843-A9DF-D22AB7EFF4F6}"
EndProject
Project("{FAE04EC0-301F-11D3-BF4B-00C04F79EFBC}") = "Warships", "Warships\Warships.csproj", "{B6E7C5FE-22E8-40A3-B0AF-6D7289DD68FB}"
EndProject
Project("{9A19103F-16F7-4668-BE54-9A1E7A4F7556}") = "TheRace", "TheRace\TheRace.csproj", "{391A67B0-A6E6-4DA0-8BEA-34DEDEA5C236}"
EndProject
Global
	GlobalSection(SolutionConfigurationPlatforms) = preSolution
		Debug|Any CPU = Debug|Any CPU
		Release|Any CPU = Release|Any CPU
	EndGlobalSection
	GlobalSection(ProjectConfigurationPlatforms) = postSolution
		{17C353BC-21B8-4843-A9DF-D22AB7EFF4F6}.Debug|Any CPU.ActiveCfg = Debug|Any CPU
		{17C353BC-21B8-4843-A9DF-D22AB7EFF4F6}.Debug|Any CPU.Build.0 = Debug|Any CPU
		{17C353BC-21B8-4843-A9DF-D22AB7EFF4F6}.Release|Any CPU.ActiveCfg = Release|Any CPU
		{17C353BC-21B8-4843-A9DF-D22AB7EFF4F6}.Release|Any CPU.Build.0 = Release|Any CPU
		{B6E7C5FE-22E8-40A3-B0AF-6D7289DD68FB}.Debug|Any CPU.ActiveCfg = Debug|Any CPU
		{B6E7C5FE-22E8-40A3-B0AF-6D7289DD68FB}.Debug|Any CPU.Build.0 = Debug|Any CPU
		{B6E7C5FE-22E8-40A3-B0AF-6D7289DD68FB}.Release|Any CPU.ActiveCfg = Release|Any CPU
		{B6E7C5FE-22E8-40A3-B0AF-6D7289DD68FB}.Release|Any CPU.Build.0 = Release|Any CPU
		{391A67B0-A6E6-4DA0-8BEA-34DEDEA5C236}.Debug|Any CPU.ActiveCfg = Debug|Any CPU
		{391A67B0-A6E6-4DA0-8BEA-34DEDEA5C236}.Debug|Any CPU.Build.0 = Debug|Any CPU
		{391A67B0-A6E6-4DA0-8BEA-34DEDEA5C236}.Release|Any CPU.ActiveCfg = Release|Any CPU
		{391A67B0-A6E6-4DA0-8BEA-34DEDEA5C236}.Release|Any CPU.Build.0 = Release|Any CPU
	EndGlobalSection
	GlobalSection(SolutionProperties) = preSolution
		HideSolutionNode = FALSE
	EndGlobalSection
	GlobalSection(ExtensibilityGlobals) = postSolution
		SolutionGuid = {89823B42-E720-4CF9-80C8-CCFE3B55CC1C}
	EndGlobalSection
EndGlobal
