
Microsoft Visual Studio Solution File, Format Version 12.00
# Visual Studio Version 16
VisualStudioVersion = 16.0.31424.327
MinimumVisualStudioVersion = 10.0.40219.1
Project("{FAE04EC0-301F-11D3-BF4B-00C04F79EFBC}") = "SetCover", "SetCover.csproj", "{909541FC-F819-4F7F-9D70-2CB2B3D4604A}"
EndProject
Global
	GlobalSection(SolutionConfigurationPlatforms) = preSolution
		Debug|Any CPU = Debug|Any CPU
		Release|Any CPU = Release|Any CPU
	EndGlobalSection
	GlobalSection(ProjectConfigurationPlatforms) = postSolution
		{909541FC-F819-4F7F-9D70-2CB2B3D4604A}.Debug|Any CPU.ActiveCfg = Debug|Any CPU
		{909541FC-F819-4F7F-9D70-2CB2B3D4604A}.Debug|Any CPU.Build.0 = Debug|Any CPU
		{909541FC-F819-4F7F-9D70-2CB2B3D4604A}.Release|Any CPU.ActiveCfg = Release|Any CPU
		{909541FC-F819-4F7F-9D70-2CB2B3D4604A}.Release|Any CPU.Build.0 = Release|Any CPU
	EndGlobalSection
	GlobalSection(SolutionProperties) = preSolution
		HideSolutionNode = FALSE
	EndGlobalSection
	GlobalSection(ExtensibilityGlobals) = postSolution
		SolutionGuid = {7BDDAA06-3A4B-4EC1-A7A7-A4A0614B264C}
	EndGlobalSection
EndGlobal
